// !$*UTF8*$!
{
	archiveVersion = 1;
	classes = {
	};
	objectVersion = 46;
	objects = {

/* Begin PBXBuildFile section */
		2CB1BE89C619DC1A28189057 /* Pods_OhanaTests.framework in Frameworks */ = {isa = PBXBuildFile; fileRef = 3FC4AED7946A2A0067A56BE6 /* Pods_OhanaTests.framework */; };
		2FD68426A143BC90719BF777 /* Pods_OhanaExample.framework in Frameworks */ = {isa = PBXBuildFile; fileRef = 1A4031BA41A9346DBE0F6394 /* Pods_OhanaExample.framework */; };
		3D0089C61D56E55B00D6863A /* OHCompositeAndPostProcessorTests.m in Sources */ = {isa = PBXBuildFile; fileRef = 3D0089C51D56E55B00D6863A /* OHCompositeAndPostProcessorTests.m */; };
		3D0089CC1D56EA4400D6863A /* OHCompositeOrPostProcessorTests.m in Sources */ = {isa = PBXBuildFile; fileRef = 3D0089CB1D56EA4400D6863A /* OHCompositeOrPostProcessorTests.m */; };
		3D0089D21D56EEBD00D6863A /* OHRequiredFieldPostProcessorTests.m in Sources */ = {isa = PBXBuildFile; fileRef = 3D0089D11D56EEBD00D6863A /* OHRequiredFieldPostProcessorTests.m */; };
		3D0089D81D56F33800D6863A /* OHStatisticsPostProcessorTests.m in Sources */ = {isa = PBXBuildFile; fileRef = 3D0089D71D56F33800D6863A /* OHStatisticsPostProcessorTests.m */; };
		3D0089DE1D56F7BC00D6863A /* OHSplitOnFieldTypePostProcessorTests.m in Sources */ = {isa = PBXBuildFile; fileRef = 3D0089DD1D56F7BC00D6863A /* OHSplitOnFieldTypePostProcessorTests.m */; };
		3D1880CD1D5BCD58003F180A /* OHBasicContactPhotosPicker.swift in Sources */ = {isa = PBXBuildFile; fileRef = 3D1880CC1D5BCD58003F180A /* OHBasicContactPhotosPicker.swift */; };
		3D25B12B1D593BF20040481B /* OHRequiredPostalAddressPostProcessorTests.m in Sources */ = {isa = PBXBuildFile; fileRef = 3D25B12A1D593BF20040481B /* OHRequiredPostalAddressPostProcessorTests.m */; };
		3D25B12D1D593D160040481B /* OHRequiredFieldSelectionFilterTests.m in Sources */ = {isa = PBXBuildFile; fileRef = 3D25B12C1D593D160040481B /* OHRequiredFieldSelectionFilterTests.m */; };
		3D25B1361D596E450040481B /* OHReverseOrderPostProcessorTests.m in Sources */ = {isa = PBXBuildFile; fileRef = 3D25B1351D596E450040481B /* OHReverseOrderPostProcessorTests.m */; };
		3D25B1381D5980900040481B /* OHABAddressBookContactsDataProviderTests.m in Sources */ = {isa = PBXBuildFile; fileRef = 3D25B1371D5980900040481B /* OHABAddressBookContactsDataProviderTests.m */; };
		3D25B1421D598C6B0040481B /* OHPhoneNumberFormattingPostProcessorTests.m in Sources */ = {isa = PBXBuildFile; fileRef = 3D25B1411D598C6B0040481B /* OHPhoneNumberFormattingPostProcessorTests.m */; };
		3D3DC6BA1D556E5A00C9C25A /* OHCNContactsDataProviderTests.m in Sources */ = {isa = PBXBuildFile; fileRef = 3D3DC6B91D556E5A00C9C25A /* OHCNContactsDataProviderTests.m */; };
		3D571C121D56FF7600531623 /* OHMaximumSelectedCountSelectionFilterTests.m in Sources */ = {isa = PBXBuildFile; fileRef = 3D571C111D56FF7600531623 /* OHMaximumSelectedCountSelectionFilterTests.m */; };
		3D8E42A01D5716CE009780F0 /* OHExampleListTableViewController.m in Sources */ = {isa = PBXBuildFile; fileRef = 3D8E429F1D5716CE009780F0 /* OHExampleListTableViewController.m */; };
		3D8E42A41D571A34009780F0 /* LaunchScreen.storyboard in Resources */ = {isa = PBXBuildFile; fileRef = 3D8E42A31D571A34009780F0 /* LaunchScreen.storyboard */; };
		3D8E42A71D571B6C009780F0 /* OHBasicContactPickerTableViewController.m in Sources */ = {isa = PBXBuildFile; fileRef = 3D8E42A61D571B6C009780F0 /* OHBasicContactPickerTableViewController.m */; };
		3D8E42AE1D58F4AB009780F0 /* OHPhoneNumberPickerTableViewController.m in Sources */ = {isa = PBXBuildFile; fileRef = 3D8E42AD1D58F4AB009780F0 /* OHPhoneNumberPickerTableViewController.m */; };
		3D8E42B11D58F87F009780F0 /* OHContactSelectionTableViewController.m in Sources */ = {isa = PBXBuildFile; fileRef = 3D8E42B01D58F87F009780F0 /* OHContactSelectionTableViewController.m */; };
		3D8E42B31D590208009780F0 /* OHContactsDataSourceTests.m in Sources */ = {isa = PBXBuildFile; fileRef = 3D8E42B21D590208009780F0 /* OHContactsDataSourceTests.m */; };
		3DA758EB1D5AC15300CA601F /* OHPhoneOrEmailPicker.swift in Sources */ = {isa = PBXBuildFile; fileRef = 3DA758EA1D5AC15300CA601F /* OHPhoneOrEmailPicker.swift */; };
		3DA758ED1D5B23D800CA601F /* OHStatisticsExample.swift in Sources */ = {isa = PBXBuildFile; fileRef = 3DA758EC1D5B23D800CA601F /* OHStatisticsExample.swift */; };
		3DB797641D5709C600C2B6D3 /* OHMinimumSelectedCountSelectionFilterTests.m in Sources */ = {isa = PBXBuildFile; fileRef = 3DB797631D5709C600C2B6D3 /* OHMinimumSelectedCountSelectionFilterTests.m */; };
		3DC89D7C1D5A78E200F33BE6 /* OHCompositeXorPostProcessorTests.m in Sources */ = {isa = PBXBuildFile; fileRef = 3DC89D7B1D5A78E200F33BE6 /* OHCompositeXorPostProcessorTests.m */; };
		3DD310D71D5574B80096C054 /* OHAlphabeticalSortPostProcessorTests.m in Sources */ = {isa = PBXBuildFile; fileRef = 3DD310D61D5574B80096C054 /* OHAlphabeticalSortPostProcessorTests.m */; };
		3DDA91321D5B988A0034644A /* OHContactTests.m in Sources */ = {isa = PBXBuildFile; fileRef = 3DDA91311D5B988A0034644A /* OHContactTests.m */; };
		3DDA91351D5B9BF70034644A /* OHSMSPicker.swift in Sources */ = {isa = PBXBuildFile; fileRef = 3DDA91341D5B9BF70034644A /* OHSMSPicker.swift */; };
		3DDA91371D5BA6980034644A /* OHFuzzyMatchingUtilityTests.m in Sources */ = {isa = PBXBuildFile; fileRef = 3DDA91361D5BA6980034644A /* OHFuzzyMatchingUtilityTests.m */; };
		3DDA91391D5BC3F90034644A /* OHMaximumSelectedCountPicker.swift in Sources */ = {isa = PBXBuildFile; fileRef = 3DDA91381D5BC3F90034644A /* OHMaximumSelectedCountPicker.swift */; };
		3DE7FC091D59C57C001F427C /* OHFuzzySearchTableViewController.m in Sources */ = {isa = PBXBuildFile; fileRef = 3DE7FC081D59C57C001F427C /* OHFuzzySearchTableViewController.m */; };
		6003F58E195388D20070C39A /* Foundation.framework in Frameworks */ = {isa = PBXBuildFile; fileRef = 6003F58D195388D20070C39A /* Foundation.framework */; };
		6003F590195388D20070C39A /* CoreGraphics.framework in Frameworks */ = {isa = PBXBuildFile; fileRef = 6003F58F195388D20070C39A /* CoreGraphics.framework */; };
		6003F592195388D20070C39A /* UIKit.framework in Frameworks */ = {isa = PBXBuildFile; fileRef = 6003F591195388D20070C39A /* UIKit.framework */; };
		6003F598195388D20070C39A /* InfoPlist.strings in Resources */ = {isa = PBXBuildFile; fileRef = 6003F596195388D20070C39A /* InfoPlist.strings */; };
		6003F59A195388D20070C39A /* main.m in Sources */ = {isa = PBXBuildFile; fileRef = 6003F599195388D20070C39A /* main.m */; };
		6003F59E195388D20070C39A /* OHAppDelegate.m in Sources */ = {isa = PBXBuildFile; fileRef = 6003F59D195388D20070C39A /* OHAppDelegate.m */; };
		6003F5A9195388D20070C39A /* Images.xcassets in Resources */ = {isa = PBXBuildFile; fileRef = 6003F5A8195388D20070C39A /* Images.xcassets */; };
		6003F5B0195388D20070C39A /* XCTest.framework in Frameworks */ = {isa = PBXBuildFile; fileRef = 6003F5AF195388D20070C39A /* XCTest.framework */; };
		6003F5B1195388D20070C39A /* Foundation.framework in Frameworks */ = {isa = PBXBuildFile; fileRef = 6003F58D195388D20070C39A /* Foundation.framework */; };
		6003F5B2195388D20070C39A /* UIKit.framework in Frameworks */ = {isa = PBXBuildFile; fileRef = 6003F591195388D20070C39A /* UIKit.framework */; };
		6003F5BA195388D20070C39A /* InfoPlist.strings in Resources */ = {isa = PBXBuildFile; fileRef = 6003F5B8195388D20070C39A /* InfoPlist.strings */; };
/* End PBXBuildFile section */

/* Begin PBXContainerItemProxy section */
		6003F5B3195388D20070C39A /* PBXContainerItemProxy */ = {
			isa = PBXContainerItemProxy;
			containerPortal = 6003F582195388D10070C39A /* Project object */;
			proxyType = 1;
			remoteGlobalIDString = 6003F589195388D20070C39A;
			remoteInfo = Ohana;
		};
/* End PBXContainerItemProxy section */

/* Begin PBXFileReference section */
		0EAB4D807A963449591E2EA8 /* Pods-OhanaExample.release.xcconfig */ = {isa = PBXFileReference; includeInIndex = 1; lastKnownFileType = text.xcconfig; name = "Pods-OhanaExample.release.xcconfig"; path = "Pods/Target Support Files/Pods-OhanaExample/Pods-OhanaExample.release.xcconfig"; sourceTree = "<group>"; };
		1A4031BA41A9346DBE0F6394 /* Pods_OhanaExample.framework */ = {isa = PBXFileReference; explicitFileType = wrapper.framework; includeInIndex = 0; path = Pods_OhanaExample.framework; sourceTree = BUILT_PRODUCTS_DIR; };
		3D0089C01D55798800D6863A /* NSOrderedSetMake+Internal.h */ = {isa = PBXFileReference; fileEncoding = 4; lastKnownFileType = sourcecode.c.h; path = "NSOrderedSetMake+Internal.h"; sourceTree = "<group>"; };
		3D0089C51D56E55B00D6863A /* OHCompositeAndPostProcessorTests.m */ = {isa = PBXFileReference; fileEncoding = 4; lastKnownFileType = sourcecode.c.objc; path = OHCompositeAndPostProcessorTests.m; sourceTree = "<group>"; };
		3D0089CB1D56EA4400D6863A /* OHCompositeOrPostProcessorTests.m */ = {isa = PBXFileReference; fileEncoding = 4; lastKnownFileType = sourcecode.c.objc; path = OHCompositeOrPostProcessorTests.m; sourceTree = "<group>"; };
		3D0089D11D56EEBD00D6863A /* OHRequiredFieldPostProcessorTests.m */ = {isa = PBXFileReference; fileEncoding = 4; lastKnownFileType = sourcecode.c.objc; path = OHRequiredFieldPostProcessorTests.m; sourceTree = "<group>"; };
		3D0089D71D56F33800D6863A /* OHStatisticsPostProcessorTests.m */ = {isa = PBXFileReference; fileEncoding = 4; lastKnownFileType = sourcecode.c.objc; path = OHStatisticsPostProcessorTests.m; sourceTree = "<group>"; };
		3D0089DD1D56F7BC00D6863A /* OHSplitOnFieldTypePostProcessorTests.m */ = {isa = PBXFileReference; fileEncoding = 4; lastKnownFileType = sourcecode.c.objc; path = OHSplitOnFieldTypePostProcessorTests.m; sourceTree = "<group>"; };
		3D1880CC1D5BCD58003F180A /* OHBasicContactPhotosPicker.swift */ = {isa = PBXFileReference; fileEncoding = 4; lastKnownFileType = sourcecode.swift; path = OHBasicContactPhotosPicker.swift; sourceTree = "<group>"; };
		3D25B12A1D593BF20040481B /* OHRequiredPostalAddressPostProcessorTests.m */ = {isa = PBXFileReference; fileEncoding = 4; lastKnownFileType = sourcecode.c.objc; path = OHRequiredPostalAddressPostProcessorTests.m; sourceTree = "<group>"; };
		3D25B12C1D593D160040481B /* OHRequiredFieldSelectionFilterTests.m */ = {isa = PBXFileReference; fileEncoding = 4; lastKnownFileType = sourcecode.c.objc; path = OHRequiredFieldSelectionFilterTests.m; sourceTree = "<group>"; };
		3D25B1351D596E450040481B /* OHReverseOrderPostProcessorTests.m */ = {isa = PBXFileReference; fileEncoding = 4; lastKnownFileType = sourcecode.c.objc; path = OHReverseOrderPostProcessorTests.m; sourceTree = "<group>"; };
		3D25B1371D5980900040481B /* OHABAddressBookContactsDataProviderTests.m */ = {isa = PBXFileReference; fileEncoding = 4; lastKnownFileType = sourcecode.c.objc; path = OHABAddressBookContactsDataProviderTests.m; sourceTree = "<group>"; };
		3D25B1411D598C6B0040481B /* OHPhoneNumberFormattingPostProcessorTests.m */ = {isa = PBXFileReference; fileEncoding = 4; lastKnownFileType = sourcecode.c.objc; path = OHPhoneNumberFormattingPostProcessorTests.m; sourceTree = "<group>"; };
		3D3DC6B91D556E5A00C9C25A /* OHCNContactsDataProviderTests.m */ = {isa = PBXFileReference; fileEncoding = 4; lastKnownFileType = sourcecode.c.objc; path = OHCNContactsDataProviderTests.m; sourceTree = "<group>"; };
		3D571C111D56FF7600531623 /* OHMaximumSelectedCountSelectionFilterTests.m */ = {isa = PBXFileReference; fileEncoding = 4; lastKnownFileType = sourcecode.c.objc; path = OHMaximumSelectedCountSelectionFilterTests.m; sourceTree = "<group>"; };
		3D8E429E1D5716CE009780F0 /* OHExampleListTableViewController.h */ = {isa = PBXFileReference; fileEncoding = 4; lastKnownFileType = sourcecode.c.h; path = OHExampleListTableViewController.h; sourceTree = "<group>"; };
		3D8E429F1D5716CE009780F0 /* OHExampleListTableViewController.m */ = {isa = PBXFileReference; fileEncoding = 4; lastKnownFileType = sourcecode.c.objc; path = OHExampleListTableViewController.m; sourceTree = "<group>"; };
		3D8E42A31D571A34009780F0 /* LaunchScreen.storyboard */ = {isa = PBXFileReference; fileEncoding = 4; lastKnownFileType = file.storyboard; path = LaunchScreen.storyboard; sourceTree = "<group>"; };
		3D8E42A51D571B6C009780F0 /* OHBasicContactPickerTableViewController.h */ = {isa = PBXFileReference; fileEncoding = 4; lastKnownFileType = sourcecode.c.h; path = OHBasicContactPickerTableViewController.h; sourceTree = "<group>"; };
		3D8E42A61D571B6C009780F0 /* OHBasicContactPickerTableViewController.m */ = {isa = PBXFileReference; fileEncoding = 4; lastKnownFileType = sourcecode.c.objc; path = OHBasicContactPickerTableViewController.m; sourceTree = "<group>"; };
		3D8E42AC1D58F4AB009780F0 /* OHPhoneNumberPickerTableViewController.h */ = {isa = PBXFileReference; fileEncoding = 4; lastKnownFileType = sourcecode.c.h; path = OHPhoneNumberPickerTableViewController.h; sourceTree = "<group>"; };
		3D8E42AD1D58F4AB009780F0 /* OHPhoneNumberPickerTableViewController.m */ = {isa = PBXFileReference; fileEncoding = 4; lastKnownFileType = sourcecode.c.objc; path = OHPhoneNumberPickerTableViewController.m; sourceTree = "<group>"; };
		3D8E42AF1D58F87F009780F0 /* OHContactSelectionTableViewController.h */ = {isa = PBXFileReference; fileEncoding = 4; lastKnownFileType = sourcecode.c.h; path = OHContactSelectionTableViewController.h; sourceTree = "<group>"; };
		3D8E42B01D58F87F009780F0 /* OHContactSelectionTableViewController.m */ = {isa = PBXFileReference; fileEncoding = 4; lastKnownFileType = sourcecode.c.objc; path = OHContactSelectionTableViewController.m; sourceTree = "<group>"; };
		3D8E42B21D590208009780F0 /* OHContactsDataSourceTests.m */ = {isa = PBXFileReference; fileEncoding = 4; lastKnownFileType = sourcecode.c.objc; path = OHContactsDataSourceTests.m; sourceTree = "<group>"; };
		3DA758E91D5AC15200CA601F /* OhanaExample-Bridging-Header.h */ = {isa = PBXFileReference; lastKnownFileType = sourcecode.c.h; path = "OhanaExample-Bridging-Header.h"; sourceTree = "<group>"; };
		3DA758EA1D5AC15300CA601F /* OHPhoneOrEmailPicker.swift */ = {isa = PBXFileReference; fileEncoding = 4; lastKnownFileType = sourcecode.swift; path = OHPhoneOrEmailPicker.swift; sourceTree = "<group>"; };
		3DA758EC1D5B23D800CA601F /* OHStatisticsExample.swift */ = {isa = PBXFileReference; fileEncoding = 4; lastKnownFileType = sourcecode.swift; path = OHStatisticsExample.swift; sourceTree = "<group>"; };
		3DB797631D5709C600C2B6D3 /* OHMinimumSelectedCountSelectionFilterTests.m */ = {isa = PBXFileReference; fileEncoding = 4; lastKnownFileType = sourcecode.c.objc; path = OHMinimumSelectedCountSelectionFilterTests.m; sourceTree = "<group>"; };
		3DC89D7B1D5A78E200F33BE6 /* OHCompositeXorPostProcessorTests.m */ = {isa = PBXFileReference; fileEncoding = 4; lastKnownFileType = sourcecode.c.objc; path = OHCompositeXorPostProcessorTests.m; sourceTree = "<group>"; };
		3DD310D61D5574B80096C054 /* OHAlphabeticalSortPostProcessorTests.m */ = {isa = PBXFileReference; fileEncoding = 4; lastKnownFileType = sourcecode.c.objc; path = OHAlphabeticalSortPostProcessorTests.m; sourceTree = "<group>"; };
		3DDA91311D5B988A0034644A /* OHContactTests.m */ = {isa = PBXFileReference; fileEncoding = 4; lastKnownFileType = sourcecode.c.objc; path = OHContactTests.m; sourceTree = "<group>"; };
		3DDA91341D5B9BF70034644A /* OHSMSPicker.swift */ = {isa = PBXFileReference; fileEncoding = 4; lastKnownFileType = sourcecode.swift; path = OHSMSPicker.swift; sourceTree = "<group>"; };
		3DDA91361D5BA6980034644A /* OHFuzzyMatchingUtilityTests.m */ = {isa = PBXFileReference; fileEncoding = 4; lastKnownFileType = sourcecode.c.objc; path = OHFuzzyMatchingUtilityTests.m; sourceTree = "<group>"; };
		3DDA91381D5BC3F90034644A /* OHMaximumSelectedCountPicker.swift */ = {isa = PBXFileReference; fileEncoding = 4; lastKnownFileType = sourcecode.swift; path = OHMaximumSelectedCountPicker.swift; sourceTree = "<group>"; };
		3DE7FC071D59C57C001F427C /* OHFuzzySearchTableViewController.h */ = {isa = PBXFileReference; fileEncoding = 4; lastKnownFileType = sourcecode.c.h; path = OHFuzzySearchTableViewController.h; sourceTree = "<group>"; };
		3DE7FC081D59C57C001F427C /* OHFuzzySearchTableViewController.m */ = {isa = PBXFileReference; fileEncoding = 4; lastKnownFileType = sourcecode.c.objc; path = OHFuzzySearchTableViewController.m; sourceTree = "<group>"; };
		3FC4AED7946A2A0067A56BE6 /* Pods_OhanaTests.framework */ = {isa = PBXFileReference; explicitFileType = wrapper.framework; includeInIndex = 0; path = Pods_OhanaTests.framework; sourceTree = BUILT_PRODUCTS_DIR; };
		6003F58A195388D20070C39A /* OhanaExample.app */ = {isa = PBXFileReference; explicitFileType = wrapper.application; includeInIndex = 0; path = OhanaExample.app; sourceTree = BUILT_PRODUCTS_DIR; };
		6003F58D195388D20070C39A /* Foundation.framework */ = {isa = PBXFileReference; lastKnownFileType = wrapper.framework; name = Foundation.framework; path = System/Library/Frameworks/Foundation.framework; sourceTree = SDKROOT; };
		6003F58F195388D20070C39A /* CoreGraphics.framework */ = {isa = PBXFileReference; lastKnownFileType = wrapper.framework; name = CoreGraphics.framework; path = System/Library/Frameworks/CoreGraphics.framework; sourceTree = SDKROOT; };
		6003F591195388D20070C39A /* UIKit.framework */ = {isa = PBXFileReference; lastKnownFileType = wrapper.framework; name = UIKit.framework; path = System/Library/Frameworks/UIKit.framework; sourceTree = SDKROOT; };
		6003F595195388D20070C39A /* Ohana-Info.plist */ = {isa = PBXFileReference; lastKnownFileType = text.plist.xml; path = "Ohana-Info.plist"; sourceTree = "<group>"; };
		6003F597195388D20070C39A /* en */ = {isa = PBXFileReference; lastKnownFileType = text.plist.strings; name = en; path = en.lproj/InfoPlist.strings; sourceTree = "<group>"; };
		6003F599195388D20070C39A /* main.m */ = {isa = PBXFileReference; lastKnownFileType = sourcecode.c.objc; path = main.m; sourceTree = "<group>"; };
		6003F59B195388D20070C39A /* Ohana-Prefix.pch */ = {isa = PBXFileReference; lastKnownFileType = sourcecode.c.h; path = "Ohana-Prefix.pch"; sourceTree = "<group>"; };
		6003F59C195388D20070C39A /* OHAppDelegate.h */ = {isa = PBXFileReference; lastKnownFileType = sourcecode.c.h; path = OHAppDelegate.h; sourceTree = "<group>"; };
		6003F59D195388D20070C39A /* OHAppDelegate.m */ = {isa = PBXFileReference; lastKnownFileType = sourcecode.c.objc; path = OHAppDelegate.m; sourceTree = "<group>"; };
		6003F5A8195388D20070C39A /* Images.xcassets */ = {isa = PBXFileReference; lastKnownFileType = folder.assetcatalog; path = Images.xcassets; sourceTree = "<group>"; };
		6003F5AE195388D20070C39A /* OhanaTests.xctest */ = {isa = PBXFileReference; explicitFileType = wrapper.cfbundle; includeInIndex = 0; path = OhanaTests.xctest; sourceTree = BUILT_PRODUCTS_DIR; };
		6003F5AF195388D20070C39A /* XCTest.framework */ = {isa = PBXFileReference; lastKnownFileType = wrapper.framework; name = XCTest.framework; path = Library/Frameworks/XCTest.framework; sourceTree = DEVELOPER_DIR; };
		6003F5B7195388D20070C39A /* Tests-Info.plist */ = {isa = PBXFileReference; lastKnownFileType = text.plist.xml; path = "Tests-Info.plist"; sourceTree = "<group>"; };
		6003F5B9195388D20070C39A /* en */ = {isa = PBXFileReference; lastKnownFileType = text.plist.strings; name = en; path = en.lproj/InfoPlist.strings; sourceTree = "<group>"; };
		606FC2411953D9B200FFA9A0 /* Tests-Prefix.pch */ = {isa = PBXFileReference; lastKnownFileType = sourcecode.c.h; path = "Tests-Prefix.pch"; sourceTree = "<group>"; };
		71EC68375279D3CE37FA943E /* Pods-OhanaTests.release.xcconfig */ = {isa = PBXFileReference; includeInIndex = 1; lastKnownFileType = text.xcconfig; name = "Pods-OhanaTests.release.xcconfig"; path = "Pods/Target Support Files/Pods-OhanaTests/Pods-OhanaTests.release.xcconfig"; sourceTree = "<group>"; };
		ACE7A581ACB5DE2E33615F85 /* README.md */ = {isa = PBXFileReference; includeInIndex = 1; lastKnownFileType = net.daringfireball.markdown; name = README.md; path = ../README.md; sourceTree = "<group>"; };
		D28845244B7FAFC2B0357393 /* Pods-OhanaTests.debug.xcconfig */ = {isa = PBXFileReference; includeInIndex = 1; lastKnownFileType = text.xcconfig; name = "Pods-OhanaTests.debug.xcconfig"; path = "Pods/Target Support Files/Pods-OhanaTests/Pods-OhanaTests.debug.xcconfig"; sourceTree = "<group>"; };
		D76C9ACD3623918B06F69FA5 /* LICENSE */ = {isa = PBXFileReference; includeInIndex = 1; lastKnownFileType = text; name = LICENSE; path = ../LICENSE; sourceTree = "<group>"; };
		DF25D9B4B58EA8865D06A2F6 /* Ohana.podspec */ = {isa = PBXFileReference; includeInIndex = 1; lastKnownFileType = text; name = Ohana.podspec; path = ../Ohana.podspec; sourceTree = "<group>"; };
		F2273BE2DE72D6CB249484FA /* Pods-OhanaExample.debug.xcconfig */ = {isa = PBXFileReference; includeInIndex = 1; lastKnownFileType = text.xcconfig; name = "Pods-OhanaExample.debug.xcconfig"; path = "Pods/Target Support Files/Pods-OhanaExample/Pods-OhanaExample.debug.xcconfig"; sourceTree = "<group>"; };
/* End PBXFileReference section */

/* Begin PBXFrameworksBuildPhase section */
		6003F587195388D20070C39A /* Frameworks */ = {
			isa = PBXFrameworksBuildPhase;
			buildActionMask = 2147483647;
			files = (
				6003F590195388D20070C39A /* CoreGraphics.framework in Frameworks */,
				6003F592195388D20070C39A /* UIKit.framework in Frameworks */,
				6003F58E195388D20070C39A /* Foundation.framework in Frameworks */,
				2FD68426A143BC90719BF777 /* Pods_OhanaExample.framework in Frameworks */,
			);
			runOnlyForDeploymentPostprocessing = 0;
		};
		6003F5AB195388D20070C39A /* Frameworks */ = {
			isa = PBXFrameworksBuildPhase;
			buildActionMask = 2147483647;
			files = (
				6003F5B0195388D20070C39A /* XCTest.framework in Frameworks */,
				6003F5B2195388D20070C39A /* UIKit.framework in Frameworks */,
				6003F5B1195388D20070C39A /* Foundation.framework in Frameworks */,
				2CB1BE89C619DC1A28189057 /* Pods_OhanaTests.framework in Frameworks */,
			);
			runOnlyForDeploymentPostprocessing = 0;
		};
/* End PBXFrameworksBuildPhase section */

/* Begin PBXGroup section */
		3D1880CE1D5BCD64003F180A /* 02 - Basic Contact Photos Picker */ = {
			isa = PBXGroup;
			children = (
				3D1880CC1D5BCD58003F180A /* OHBasicContactPhotosPicker.swift */,
			);
			name = "02 - Basic Contact Photos Picker";
			sourceTree = "<group>";
		};
		3D8E42A81D57F9DF009780F0 /* 01 - Basic Contact Picker */ = {
			isa = PBXGroup;
			children = (
				3D8E42A51D571B6C009780F0 /* OHBasicContactPickerTableViewController.h */,
				3D8E42A61D571B6C009780F0 /* OHBasicContactPickerTableViewController.m */,
			);
			name = "01 - Basic Contact Picker";
			sourceTree = "<group>";
		};
		3DA758E81D5AC0F200CA601F /* 06 - Phone or Email Picker */ = {
			isa = PBXGroup;
			children = (
				3DA758EA1D5AC15300CA601F /* OHPhoneOrEmailPicker.swift */,
			);
			name = "06 - Phone or Email Picker";
			sourceTree = "<group>";
		};
		3DA758EE1D5B23DE00CA601F /* 07 - Statistics */ = {
			isa = PBXGroup;
			children = (
				3DA758EC1D5B23D800CA601F /* OHStatisticsExample.swift */,
			);
			name = "07 - Statistics";
			sourceTree = "<group>";
		};
		3DDA91331D5B9BE20034644A /* 08 - SMS Picker */ = {
			isa = PBXGroup;
			children = (
				3DDA91341D5B9BF70034644A /* OHSMSPicker.swift */,
			);
			name = "08 - SMS Picker";
			sourceTree = "<group>";
		};
		3DDA913A1D5BC3FD0034644A /* 09 - Maximum Selected Count Picker */ = {
			isa = PBXGroup;
			children = (
				3DDA91381D5BC3F90034644A /* OHMaximumSelectedCountPicker.swift */,
			);
			name = "09 - Maximum Selected Count Picker";
			sourceTree = "<group>";
		};
		3DE7FC041D59C4BD001F427C /* 03- Phone Number Picker */ = {
			isa = PBXGroup;
			children = (
				3D8E42AC1D58F4AB009780F0 /* OHPhoneNumberPickerTableViewController.h */,
				3D8E42AD1D58F4AB009780F0 /* OHPhoneNumberPickerTableViewController.m */,
			);
			name = "03- Phone Number Picker";
			sourceTree = "<group>";
		};
		3DE7FC051D59C4D4001F427C /* 04 - Contact Selection */ = {
			isa = PBXGroup;
			children = (
				3D8E42AF1D58F87F009780F0 /* OHContactSelectionTableViewController.h */,
				3D8E42B01D58F87F009780F0 /* OHContactSelectionTableViewController.m */,
			);
			name = "04 - Contact Selection";
			sourceTree = "<group>";
		};
		3DE7FC061D59C549001F427C /* 05 - Fuzzy Search */ = {
			isa = PBXGroup;
			children = (
				3DE7FC071D59C57C001F427C /* OHFuzzySearchTableViewController.h */,
				3DE7FC081D59C57C001F427C /* OHFuzzySearchTableViewController.m */,
			);
			name = "05 - Fuzzy Search";
			sourceTree = "<group>";
		};
		6003F581195388D10070C39A = {
			isa = PBXGroup;
			children = (
				6003F593195388D20070C39A /* Example App */,
				6003F5B5195388D20070C39A /* Tests */,
				60FF7A9C1954A5C5007DD14C /* Podspec Metadata */,
				6003F58C195388D20070C39A /* Frameworks */,
				6003F58B195388D20070C39A /* Products */,
				B2D91AB306DBA2FC2C6D1BAA /* Pods */,
			);
			sourceTree = "<group>";
		};
		6003F58B195388D20070C39A /* Products */ = {
			isa = PBXGroup;
			children = (
				6003F58A195388D20070C39A /* OhanaExample.app */,
				6003F5AE195388D20070C39A /* OhanaTests.xctest */,
			);
			name = Products;
			sourceTree = "<group>";
		};
		6003F58C195388D20070C39A /* Frameworks */ = {
			isa = PBXGroup;
			children = (
				6003F58D195388D20070C39A /* Foundation.framework */,
				6003F58F195388D20070C39A /* CoreGraphics.framework */,
				6003F591195388D20070C39A /* UIKit.framework */,
				6003F5AF195388D20070C39A /* XCTest.framework */,
				1A4031BA41A9346DBE0F6394 /* Pods_OhanaExample.framework */,
				3FC4AED7946A2A0067A56BE6 /* Pods_OhanaTests.framework */,
			);
			name = Frameworks;
			sourceTree = "<group>";
		};
		6003F593195388D20070C39A /* Example App */ = {
			isa = PBXGroup;
			children = (
				3DA758E91D5AC15200CA601F /* OhanaExample-Bridging-Header.h */,
				6003F59C195388D20070C39A /* OHAppDelegate.h */,
				6003F59D195388D20070C39A /* OHAppDelegate.m */,
				3D8E429E1D5716CE009780F0 /* OHExampleListTableViewController.h */,
				3D8E429F1D5716CE009780F0 /* OHExampleListTableViewController.m */,
				3D8E42A81D57F9DF009780F0 /* 01 - Basic Contact Picker */,
				3D1880CE1D5BCD64003F180A /* 02 - Basic Contact Photos Picker */,
				3DE7FC041D59C4BD001F427C /* 03- Phone Number Picker */,
				3DE7FC051D59C4D4001F427C /* 04 - Contact Selection */,
				3DE7FC061D59C549001F427C /* 05 - Fuzzy Search */,
				3DA758E81D5AC0F200CA601F /* 06 - Phone or Email Picker */,
				3DA758EE1D5B23DE00CA601F /* 07 - Statistics */,
				3DDA91331D5B9BE20034644A /* 08 - SMS Picker */,
				3DDA913A1D5BC3FD0034644A /* 09 - Maximum Selected Count Picker */,
				3D8E42A31D571A34009780F0 /* LaunchScreen.storyboard */,
				6003F5A8195388D20070C39A /* Images.xcassets */,
				6003F594195388D20070C39A /* Supporting Files */,
			);
			name = "Example App";
			path = Ohana;
			sourceTree = "<group>";
		};
		6003F594195388D20070C39A /* Supporting Files */ = {
			isa = PBXGroup;
			children = (
				6003F595195388D20070C39A /* Ohana-Info.plist */,
				6003F596195388D20070C39A /* InfoPlist.strings */,
				6003F599195388D20070C39A /* main.m */,
				6003F59B195388D20070C39A /* Ohana-Prefix.pch */,
			);
			name = "Supporting Files";
			sourceTree = "<group>";
		};
		6003F5B5195388D20070C39A /* Tests */ = {
			isa = PBXGroup;
			children = (
				3D0089C01D55798800D6863A /* NSOrderedSetMake+Internal.h */,
				3DDA91311D5B988A0034644A /* OHContactTests.m */,
				3D8E42B21D590208009780F0 /* OHContactsDataSourceTests.m */,
				3D3DC6B91D556E5A00C9C25A /* OHCNContactsDataProviderTests.m */,
				3D25B1371D5980900040481B /* OHABAddressBookContactsDataProviderTests.m */,
				3DD310D61D5574B80096C054 /* OHAlphabeticalSortPostProcessorTests.m */,
				3D0089C51D56E55B00D6863A /* OHCompositeAndPostProcessorTests.m */,
				3D0089CB1D56EA4400D6863A /* OHCompositeOrPostProcessorTests.m */,
				3DC89D7B1D5A78E200F33BE6 /* OHCompositeXorPostProcessorTests.m */,
				3D25B1411D598C6B0040481B /* OHPhoneNumberFormattingPostProcessorTests.m */,
				3D0089D11D56EEBD00D6863A /* OHRequiredFieldPostProcessorTests.m */,
				3D25B12A1D593BF20040481B /* OHRequiredPostalAddressPostProcessorTests.m */,
				3D25B1351D596E450040481B /* OHReverseOrderPostProcessorTests.m */,
				3D0089DD1D56F7BC00D6863A /* OHSplitOnFieldTypePostProcessorTests.m */,
				3D0089D71D56F33800D6863A /* OHStatisticsPostProcessorTests.m */,
				3D571C111D56FF7600531623 /* OHMaximumSelectedCountSelectionFilterTests.m */,
				3DB797631D5709C600C2B6D3 /* OHMinimumSelectedCountSelectionFilterTests.m */,
				3D25B12C1D593D160040481B /* OHRequiredFieldSelectionFilterTests.m */,
				3DDA91361D5BA6980034644A /* OHFuzzyMatchingUtilityTests.m */,
				6003F5B6195388D20070C39A /* Supporting Files */,
			);
			path = Tests;
			sourceTree = "<group>";
		};
		6003F5B6195388D20070C39A /* Supporting Files */ = {
			isa = PBXGroup;
			children = (
				6003F5B7195388D20070C39A /* Tests-Info.plist */,
				6003F5B8195388D20070C39A /* InfoPlist.strings */,
				606FC2411953D9B200FFA9A0 /* Tests-Prefix.pch */,
			);
			name = "Supporting Files";
			sourceTree = "<group>";
		};
		60FF7A9C1954A5C5007DD14C /* Podspec Metadata */ = {
			isa = PBXGroup;
			children = (
				DF25D9B4B58EA8865D06A2F6 /* Ohana.podspec */,
				ACE7A581ACB5DE2E33615F85 /* README.md */,
				D76C9ACD3623918B06F69FA5 /* LICENSE */,
			);
			name = "Podspec Metadata";
			sourceTree = "<group>";
		};
		B2D91AB306DBA2FC2C6D1BAA /* Pods */ = {
			isa = PBXGroup;
			children = (
				F2273BE2DE72D6CB249484FA /* Pods-OhanaExample.debug.xcconfig */,
				0EAB4D807A963449591E2EA8 /* Pods-OhanaExample.release.xcconfig */,
				D28845244B7FAFC2B0357393 /* Pods-OhanaTests.debug.xcconfig */,
				71EC68375279D3CE37FA943E /* Pods-OhanaTests.release.xcconfig */,
			);
			name = Pods;
			sourceTree = "<group>";
		};
/* End PBXGroup section */

/* Begin PBXNativeTarget section */
		6003F589195388D20070C39A /* OhanaExample */ = {
			isa = PBXNativeTarget;
			buildConfigurationList = 6003F5BF195388D20070C39A /* Build configuration list for PBXNativeTarget "OhanaExample" */;
			buildPhases = (
				46C2B4165DEDE974843C796B /* [CP] Check Pods Manifest.lock */,
				6003F586195388D20070C39A /* Sources */,
				6003F587195388D20070C39A /* Frameworks */,
				6003F588195388D20070C39A /* Resources */,
				AF1AAFAA8907FEDD6005967A /* [CP] Embed Pods Frameworks */,
				C21791BBB367E85F303FEDE2 /* [CP] Copy Pods Resources */,
			);
			buildRules = (
			);
			dependencies = (
			);
			name = OhanaExample;
			productName = Ohana;
			productReference = 6003F58A195388D20070C39A /* OhanaExample.app */;
			productType = "com.apple.product-type.application";
		};
		6003F5AD195388D20070C39A /* OhanaTests */ = {
			isa = PBXNativeTarget;
			buildConfigurationList = 6003F5C2195388D20070C39A /* Build configuration list for PBXNativeTarget "OhanaTests" */;
			buildPhases = (
				AE25F07C1393C19CA4E668FD /* [CP] Check Pods Manifest.lock */,
				6003F5AA195388D20070C39A /* Sources */,
				6003F5AB195388D20070C39A /* Frameworks */,
				6003F5AC195388D20070C39A /* Resources */,
				4682BA6A4F568737D9457FAB /* [CP] Embed Pods Frameworks */,
				A45A893824C3155A483CDF3E /* [CP] Copy Pods Resources */,
			);
			buildRules = (
			);
			dependencies = (
				6003F5B4195388D20070C39A /* PBXTargetDependency */,
			);
			name = OhanaTests;
			productName = OhanaTests;
			productReference = 6003F5AE195388D20070C39A /* OhanaTests.xctest */;
			productType = "com.apple.product-type.bundle.unit-test";
		};
/* End PBXNativeTarget section */

/* Begin PBXProject section */
		6003F582195388D10070C39A /* Project object */ = {
			isa = PBXProject;
			attributes = {
				CLASSPREFIX = OH;
				LastSwiftUpdateCheck = 0730;
				LastUpgradeCheck = 0720;
				ORGANIZATIONNAME = "Nick Entin";
				TargetAttributes = {
					6003F5AD195388D20070C39A = {
						TestTargetID = 6003F589195388D20070C39A;
					};
				};
			};
			buildConfigurationList = 6003F585195388D10070C39A /* Build configuration list for PBXProject "Ohana" */;
			compatibilityVersion = "Xcode 3.2";
			developmentRegion = English;
			hasScannedForEncodings = 0;
			knownRegions = (
				en,
				Base,
			);
			mainGroup = 6003F581195388D10070C39A;
			productRefGroup = 6003F58B195388D20070C39A /* Products */;
			projectDirPath = "";
			projectRoot = "";
			targets = (
				6003F589195388D20070C39A /* OhanaExample */,
				6003F5AD195388D20070C39A /* OhanaTests */,
			);
		};
/* End PBXProject section */

/* Begin PBXResourcesBuildPhase section */
		6003F588195388D20070C39A /* Resources */ = {
			isa = PBXResourcesBuildPhase;
			buildActionMask = 2147483647;
			files = (
				3D8E42A41D571A34009780F0 /* LaunchScreen.storyboard in Resources */,
				6003F5A9195388D20070C39A /* Images.xcassets in Resources */,
				6003F598195388D20070C39A /* InfoPlist.strings in Resources */,
			);
			runOnlyForDeploymentPostprocessing = 0;
		};
		6003F5AC195388D20070C39A /* Resources */ = {
			isa = PBXResourcesBuildPhase;
			buildActionMask = 2147483647;
			files = (
				6003F5BA195388D20070C39A /* InfoPlist.strings in Resources */,
			);
			runOnlyForDeploymentPostprocessing = 0;
		};
/* End PBXResourcesBuildPhase section */

/* Begin PBXShellScriptBuildPhase section */
		4682BA6A4F568737D9457FAB /* [CP] Embed Pods Frameworks */ = {
			isa = PBXShellScriptBuildPhase;
			buildActionMask = 2147483647;
			files = (
			);
			inputPaths = (
			);
			name = "[CP] Embed Pods Frameworks";
			outputPaths = (
			);
			runOnlyForDeploymentPostprocessing = 0;
			shellPath = /bin/sh;
			shellScript = "\"${SRCROOT}/Pods/Target Support Files/Pods-OhanaTests/Pods-OhanaTests-frameworks.sh\"\n";
			showEnvVarsInLog = 0;
		};
		46C2B4165DEDE974843C796B /* [CP] Check Pods Manifest.lock */ = {
			isa = PBXShellScriptBuildPhase;
			buildActionMask = 2147483647;
			files = (
			);
			inputPaths = (
			);
			name = "[CP] Check Pods Manifest.lock";
			outputPaths = (
			);
			runOnlyForDeploymentPostprocessing = 0;
			shellPath = /bin/sh;
			shellScript = "diff \"${PODS_ROOT}/../Podfile.lock\" \"${PODS_ROOT}/Manifest.lock\" > /dev/null\nif [[ $? != 0 ]] ; then\n    cat << EOM\nerror: The sandbox is not in sync with the Podfile.lock. Run 'pod install' or update your CocoaPods installation.\nEOM\n    exit 1\nfi\n";
			showEnvVarsInLog = 0;
		};
		A45A893824C3155A483CDF3E /* [CP] Copy Pods Resources */ = {
			isa = PBXShellScriptBuildPhase;
			buildActionMask = 2147483647;
			files = (
			);
			inputPaths = (
			);
			name = "[CP] Copy Pods Resources";
			outputPaths = (
			);
			runOnlyForDeploymentPostprocessing = 0;
			shellPath = /bin/sh;
			shellScript = "\"${SRCROOT}/Pods/Target Support Files/Pods-OhanaTests/Pods-OhanaTests-resources.sh\"\n";
			showEnvVarsInLog = 0;
		};
		AE25F07C1393C19CA4E668FD /* [CP] Check Pods Manifest.lock */ = {
			isa = PBXShellScriptBuildPhase;
			buildActionMask = 2147483647;
			files = (
			);
			inputPaths = (
			);
			name = "[CP] Check Pods Manifest.lock";
			outputPaths = (
			);
			runOnlyForDeploymentPostprocessing = 0;
			shellPath = /bin/sh;
			shellScript = "diff \"${PODS_ROOT}/../Podfile.lock\" \"${PODS_ROOT}/Manifest.lock\" > /dev/null\nif [[ $? != 0 ]] ; then\n    cat << EOM\nerror: The sandbox is not in sync with the Podfile.lock. Run 'pod install' or update your CocoaPods installation.\nEOM\n    exit 1\nfi\n";
			showEnvVarsInLog = 0;
		};
		AF1AAFAA8907FEDD6005967A /* [CP] Embed Pods Frameworks */ = {
			isa = PBXShellScriptBuildPhase;
			buildActionMask = 2147483647;
			files = (
			);
			inputPaths = (
			);
			name = "[CP] Embed Pods Frameworks";
			outputPaths = (
			);
			runOnlyForDeploymentPostprocessing = 0;
			shellPath = /bin/sh;
			shellScript = "\"${SRCROOT}/Pods/Target Support Files/Pods-OhanaExample/Pods-OhanaExample-frameworks.sh\"\n";
			showEnvVarsInLog = 0;
		};
		C21791BBB367E85F303FEDE2 /* [CP] Copy Pods Resources */ = {
			isa = PBXShellScriptBuildPhase;
			buildActionMask = 2147483647;
			files = (
			);
			inputPaths = (
			);
			name = "[CP] Copy Pods Resources";
			outputPaths = (
			);
			runOnlyForDeploymentPostprocessing = 0;
			shellPath = /bin/sh;
			shellScript = "\"${SRCROOT}/Pods/Target Support Files/Pods-OhanaExample/Pods-OhanaExample-resources.sh\"\n";
			showEnvVarsInLog = 0;
		};
/* End PBXShellScriptBuildPhase section */

/* Begin PBXSourcesBuildPhase section */
		6003F586195388D20070C39A /* Sources */ = {
			isa = PBXSourcesBuildPhase;
			buildActionMask = 2147483647;
			files = (
				3DA758EB1D5AC15300CA601F /* OHPhoneOrEmailPicker.swift in Sources */,
				3D8E42B11D58F87F009780F0 /* OHContactSelectionTableViewController.m in Sources */,
				3D1880CD1D5BCD58003F180A /* OHBasicContactPhotosPicker.swift in Sources */,
				3D8E42AE1D58F4AB009780F0 /* OHPhoneNumberPickerTableViewController.m in Sources */,
				3D8E42A01D5716CE009780F0 /* OHExampleListTableViewController.m in Sources */,
				3DA758ED1D5B23D800CA601F /* OHStatisticsExample.swift in Sources */,
				3DE7FC091D59C57C001F427C /* OHFuzzySearchTableViewController.m in Sources */,
				3DDA91351D5B9BF70034644A /* OHSMSPicker.swift in Sources */,
				3DDA91391D5BC3F90034644A /* OHMaximumSelectedCountPicker.swift in Sources */,
				6003F59E195388D20070C39A /* OHAppDelegate.m in Sources */,
				3D8E42A71D571B6C009780F0 /* OHBasicContactPickerTableViewController.m in Sources */,
				6003F59A195388D20070C39A /* main.m in Sources */,
			);
			runOnlyForDeploymentPostprocessing = 0;
		};
		6003F5AA195388D20070C39A /* Sources */ = {
			isa = PBXSourcesBuildPhase;
			buildActionMask = 2147483647;
			files = (
				3D0089DE1D56F7BC00D6863A /* OHSplitOnFieldTypePostProcessorTests.m in Sources */,
				3D0089CC1D56EA4400D6863A /* OHCompositeOrPostProcessorTests.m in Sources */,
				3D0089C61D56E55B00D6863A /* OHCompositeAndPostProcessorTests.m in Sources */,
				3DDA91321D5B988A0034644A /* OHContactTests.m in Sources */,
				3D3DC6BA1D556E5A00C9C25A /* OHCNContactsDataProviderTests.m in Sources */,
				3D0089D21D56EEBD00D6863A /* OHRequiredFieldPostProcessorTests.m in Sources */,
				3D25B1381D5980900040481B /* OHABAddressBookContactsDataProviderTests.m in Sources */,
				3D571C121D56FF7600531623 /* OHMaximumSelectedCountSelectionFilterTests.m in Sources */,
				3D8E42B31D590208009780F0 /* OHContactsDataSourceTests.m in Sources */,
				3D25B12D1D593D160040481B /* OHRequiredFieldSelectionFilterTests.m in Sources */,
				3D25B1361D596E450040481B /* OHReverseOrderPostProcessorTests.m in Sources */,
				3DDA91371D5BA6980034644A /* OHFuzzyMatchingUtilityTests.m in Sources */,
				3D0089D81D56F33800D6863A /* OHStatisticsPostProcessorTests.m in Sources */,
				3D25B12B1D593BF20040481B /* OHRequiredPostalAddressPostProcessorTests.m in Sources */,
				3DD310D71D5574B80096C054 /* OHAlphabeticalSortPostProcessorTests.m in Sources */,
				3DC89D7C1D5A78E200F33BE6 /* OHCompositeXorPostProcessorTests.m in Sources */,
				3DB797641D5709C600C2B6D3 /* OHMinimumSelectedCountSelectionFilterTests.m in Sources */,
				3D25B1421D598C6B0040481B /* OHPhoneNumberFormattingPostProcessorTests.m in Sources */,
			);
			runOnlyForDeploymentPostprocessing = 0;
		};
/* End PBXSourcesBuildPhase section */

/* Begin PBXTargetDependency section */
		6003F5B4195388D20070C39A /* PBXTargetDependency */ = {
			isa = PBXTargetDependency;
			target = 6003F589195388D20070C39A /* OhanaExample */;
			targetProxy = 6003F5B3195388D20070C39A /* PBXContainerItemProxy */;
		};
/* End PBXTargetDependency section */

/* Begin PBXVariantGroup section */
		6003F596195388D20070C39A /* InfoPlist.strings */ = {
			isa = PBXVariantGroup;
			children = (
				6003F597195388D20070C39A /* en */,
			);
			name = InfoPlist.strings;
			sourceTree = "<group>";
		};
		6003F5B8195388D20070C39A /* InfoPlist.strings */ = {
			isa = PBXVariantGroup;
			children = (
				6003F5B9195388D20070C39A /* en */,
			);
			name = InfoPlist.strings;
			sourceTree = "<group>";
		};
/* End PBXVariantGroup section */

/* Begin XCBuildConfiguration section */
		6003F5BD195388D20070C39A /* Debug */ = {
			isa = XCBuildConfiguration;
			buildSettings = {
				ALWAYS_SEARCH_USER_PATHS = NO;
				CLANG_CXX_LANGUAGE_STANDARD = "gnu++0x";
				CLANG_CXX_LIBRARY = "libc++";
				CLANG_ENABLE_MODULES = YES;
				CLANG_ENABLE_OBJC_ARC = YES;
				CLANG_WARN_BOOL_CONVERSION = YES;
				CLANG_WARN_CONSTANT_CONVERSION = YES;
				CLANG_WARN_DIRECT_OBJC_ISA_USAGE = YES_ERROR;
				CLANG_WARN_EMPTY_BODY = YES;
				CLANG_WARN_ENUM_CONVERSION = YES;
				CLANG_WARN_INT_CONVERSION = YES;
				CLANG_WARN_OBJC_ROOT_CLASS = YES_ERROR;
				CLANG_WARN__DUPLICATE_METHOD_MATCH = YES;
				"CODE_SIGN_IDENTITY[sdk=iphoneos*]" = "iPhone Developer";
				COPY_PHASE_STRIP = NO;
				ENABLE_TESTABILITY = YES;
				GCC_C_LANGUAGE_STANDARD = gnu99;
				GCC_DYNAMIC_NO_PIC = NO;
				GCC_OPTIMIZATION_LEVEL = 0;
				GCC_PREPROCESSOR_DEFINITIONS = (
					"DEBUG=1",
					"$(inherited)",
				);
				GCC_SYMBOLS_PRIVATE_EXTERN = NO;
				GCC_WARN_64_TO_32_BIT_CONVERSION = YES;
				GCC_WARN_ABOUT_RETURN_TYPE = YES_ERROR;
				GCC_WARN_UNDECLARED_SELECTOR = YES;
				GCC_WARN_UNINITIALIZED_AUTOS = YES_AGGRESSIVE;
				GCC_WARN_UNUSED_FUNCTION = YES;
				GCC_WARN_UNUSED_VARIABLE = YES;
				IPHONEOS_DEPLOYMENT_TARGET = 8.3;
				ONLY_ACTIVE_ARCH = YES;
				SDKROOT = iphoneos;
				TARGETED_DEVICE_FAMILY = "1,2";
			};
			name = Debug;
		};
		6003F5BE195388D20070C39A /* Release */ = {
			isa = XCBuildConfiguration;
			buildSettings = {
				ALWAYS_SEARCH_USER_PATHS = NO;
				CLANG_CXX_LANGUAGE_STANDARD = "gnu++0x";
				CLANG_CXX_LIBRARY = "libc++";
				CLANG_ENABLE_MODULES = YES;
				CLANG_ENABLE_OBJC_ARC = YES;
				CLANG_WARN_BOOL_CONVERSION = YES;
				CLANG_WARN_CONSTANT_CONVERSION = YES;
				CLANG_WARN_DIRECT_OBJC_ISA_USAGE = YES_ERROR;
				CLANG_WARN_EMPTY_BODY = YES;
				CLANG_WARN_ENUM_CONVERSION = YES;
				CLANG_WARN_INT_CONVERSION = YES;
				CLANG_WARN_OBJC_ROOT_CLASS = YES_ERROR;
				CLANG_WARN__DUPLICATE_METHOD_MATCH = YES;
				"CODE_SIGN_IDENTITY[sdk=iphoneos*]" = "iPhone Developer";
				COPY_PHASE_STRIP = YES;
				ENABLE_NS_ASSERTIONS = NO;
				GCC_C_LANGUAGE_STANDARD = gnu99;
				GCC_WARN_64_TO_32_BIT_CONVERSION = YES;
				GCC_WARN_ABOUT_RETURN_TYPE = YES_ERROR;
				GCC_WARN_UNDECLARED_SELECTOR = YES;
				GCC_WARN_UNINITIALIZED_AUTOS = YES_AGGRESSIVE;
				GCC_WARN_UNUSED_FUNCTION = YES;
				GCC_WARN_UNUSED_VARIABLE = YES;
				IPHONEOS_DEPLOYMENT_TARGET = 8.3;
				SDKROOT = iphoneos;
				TARGETED_DEVICE_FAMILY = "1,2";
				VALIDATE_PRODUCT = YES;
			};
			name = Release;
		};
		6003F5C0195388D20070C39A /* Debug */ = {
			isa = XCBuildConfiguration;
			baseConfigurationReference = F2273BE2DE72D6CB249484FA /* Pods-OhanaExample.debug.xcconfig */;
			buildSettings = {
				ASSETCATALOG_COMPILER_APPICON_NAME = AppIcon;
				CLANG_ENABLE_MODULES = YES;
				GCC_PRECOMPILE_PREFIX_HEADER = YES;
				GCC_PREFIX_HEADER = "Ohana/Ohana-Prefix.pch";
				INFOPLIST_FILE = "Ohana/Ohana-Info.plist";
				IPHONEOS_DEPLOYMENT_TARGET = 8.0;
				LD_RUNPATH_SEARCH_PATHS = "$(inherited) @executable_path/Frameworks";
				MODULE_NAME = ExampleApp;
				PRODUCT_BUNDLE_IDENTIFIER = com.uber.ohana.ExampleApp;
				PRODUCT_NAME = "$(TARGET_NAME)";
				SWIFT_OBJC_BRIDGING_HEADER = "Ohana/OhanaExample-Bridging-Header.h";
				SWIFT_OPTIMIZATION_LEVEL = "-Onone";
				WRAPPER_EXTENSION = app;
			};
			name = Debug;
		};
		6003F5C1195388D20070C39A /* Release */ = {
			isa = XCBuildConfiguration;
			baseConfigurationReference = 0EAB4D807A963449591E2EA8 /* Pods-OhanaExample.release.xcconfig */;
			buildSettings = {
				ASSETCATALOG_COMPILER_APPICON_NAME = AppIcon;
				CLANG_ENABLE_MODULES = YES;
				GCC_PRECOMPILE_PREFIX_HEADER = YES;
				GCC_PREFIX_HEADER = "Ohana/Ohana-Prefix.pch";
				INFOPLIST_FILE = "Ohana/Ohana-Info.plist";
				IPHONEOS_DEPLOYMENT_TARGET = 8.0;
				LD_RUNPATH_SEARCH_PATHS = "$(inherited) @executable_path/Frameworks";
				MODULE_NAME = ExampleApp;
				PRODUCT_BUNDLE_IDENTIFIER = com.uber.ohana.ExampleApp;
				PRODUCT_NAME = "$(TARGET_NAME)";
				SWIFT_OBJC_BRIDGING_HEADER = "Ohana/OhanaExample-Bridging-Header.h";
				WRAPPER_EXTENSION = app;
			};
			name = Release;
		};
		6003F5C3195388D20070C39A /* Debug */ = {
			isa = XCBuildConfiguration;
			baseConfigurationReference = D28845244B7FAFC2B0357393 /* Pods-OhanaTests.debug.xcconfig */;
			buildSettings = {
				BUNDLE_LOADER = "$(TEST_HOST)";
				FRAMEWORK_SEARCH_PATHS = (
					"$(SDKROOT)/Developer/Library/Frameworks",
					"$(inherited)",
					"$(DEVELOPER_FRAMEWORKS_DIR)",
				);
				GCC_PRECOMPILE_PREFIX_HEADER = YES;
				GCC_PREFIX_HEADER = "Tests/Tests-Prefix.pch";
				GCC_PREPROCESSOR_DEFINITIONS = (
					"DEBUG=1",
					"$(inherited)",
				);
				INFOPLIST_FILE = "Tests/Tests-Info.plist";
				PRODUCT_BUNDLE_IDENTIFIER = "org.cocoapods.demo.${PRODUCT_NAME:rfc1034identifier}";
				PRODUCT_NAME = "$(TARGET_NAME)";
				TEST_HOST = "$(BUILT_PRODUCTS_DIR)/OhanaExample.app/OhanaExample";
				WRAPPER_EXTENSION = xctest;
			};
			name = Debug;
		};
		6003F5C4195388D20070C39A /* Release */ = {
			isa = XCBuildConfiguration;
			baseConfigurationReference = 71EC68375279D3CE37FA943E /* Pods-OhanaTests.release.xcconfig */;
			buildSettings = {
				BUNDLE_LOADER = "$(TEST_HOST)";
				FRAMEWORK_SEARCH_PATHS = (
					"$(SDKROOT)/Developer/Library/Frameworks",
					"$(inherited)",
					"$(DEVELOPER_FRAMEWORKS_DIR)",
				);
				GCC_PRECOMPILE_PREFIX_HEADER = YES;
				GCC_PREFIX_HEADER = "Tests/Tests-Prefix.pch";
				INFOPLIST_FILE = "Tests/Tests-Info.plist";
				PRODUCT_BUNDLE_IDENTIFIER = "org.cocoapods.demo.${PRODUCT_NAME:rfc1034identifier}";
				PRODUCT_NAME = "$(TARGET_NAME)";
				TEST_HOST = "$(BUILT_PRODUCTS_DIR)/OhanaExample.app/OhanaExample";
				WRAPPER_EXTENSION = xctest;
			};
			name = Release;
		};
/* End XCBuildConfiguration section */

/* Begin XCConfigurationList section */
		6003F585195388D10070C39A /* Build configuration list for PBXProject "Ohana" */ = {
			isa = XCConfigurationList;
			buildConfigurations = (
				6003F5BD195388D20070C39A /* Debug */,
				6003F5BE195388D20070C39A /* Release */,
			);
			defaultConfigurationIsVisible = 0;
			defaultConfigurationName = Release;
		};
		6003F5BF195388D20070C39A /* Build configuration list for PBXNativeTarget "OhanaExample" */ = {
			isa = XCConfigurationList;
			buildConfigurations = (
				6003F5C0195388D20070C39A /* Debug */,
				6003F5C1195388D20070C39A /* Release */,
			);
			defaultConfigurationIsVisible = 0;
			defaultConfigurationName = Release;
		};
		6003F5C2195388D20070C39A /* Build configuration list for PBXNativeTarget "OhanaTests" */ = {
			isa = XCConfigurationList;
			buildConfigurations = (
				6003F5C3195388D20070C39A /* Debug */,
				6003F5C4195388D20070C39A /* Release */,
			);
			defaultConfigurationIsVisible = 0;
			defaultConfigurationName = Release;
		};
/* End XCConfigurationList section */
	};
	rootObject = 6003F582195388D10070C39A /* Project object */;
}
